
Microsoft Visual Studio Solution File, Format Version 12.00
# Visual Studio Version 17
VisualStudioVersion = 17.5.002.0
MinimumVisualStudioVersion = 10.0.40219.1
Project("{9A19103F-16F7-4668-BE54-9A1E7A4F7556}") = "ProjetoCSharp", "ProjetoCSharp.csproj", "{604D8C1A-C64B-45EB-80DD-5D03A351E72B}"
EndProject
Global
	GlobalSection(SolutionConfigurationPlatforms) = preSolution
		Debug|Any CPU = Debug|Any CPU
		Release|Any CPU = Release|Any CPU
	EndGlobalSection
	GlobalSection(ProjectConfigurationPlatforms) = postSolution
		{604D8C1A-C64B-45EB-80DD-5D03A351E72B}.Debug|Any CPU.ActiveCfg = Debug|Any CPU
		{604D8C1A-C64B-45EB-80DD-5D03A351E72B}.Debug|Any CPU.Build.0 = Debug|Any CPU
		{604D8C1A-C64B-45EB-80DD-5D03A351E72B}.Release|Any CPU.ActiveCfg = Release|Any CPU
		{604D8C1A-C64B-45EB-80DD-5D03A351E72B}.Release|Any CPU.Build.0 = Release|Any CPU
	EndGlobalSection
	GlobalSection(SolutionProperties) = preSolution
		HideSolutionNode = FALSE
	EndGlobalSection
	GlobalSection(ExtensibilityGlobals) = postSolution
		SolutionGuid = {AB7EF391-4905-44B9-9053-CA619A863695}
	EndGlobalSection
EndGlobal
