
Microsoft Visual Studio Solution File, Format Version 12.00
# Visual Studio Version 17
VisualStudioVersion = 17.5.002.0
MinimumVisualStudioVersion = 10.0.40219.1
Project("{9A19103F-16F7-4668-BE54-9A1E7A4F7556}") = "ProjetoCSharpOBJ", "ProjetoCSharpOBJ.csproj", "{E252F518-464D-4939-9F7B-C253D4833BCD}"
EndProject
Global
	GlobalSection(SolutionConfigurationPlatforms) = preSolution
		Debug|Any CPU = Debug|Any CPU
		Release|Any CPU = Release|Any CPU
	EndGlobalSection
	GlobalSection(ProjectConfigurationPlatforms) = postSolution
		{E252F518-464D-4939-9F7B-C253D4833BCD}.Debug|Any CPU.ActiveCfg = Debug|Any CPU
		{E252F518-464D-4939-9F7B-C253D4833BCD}.Debug|Any CPU.Build.0 = Debug|Any CPU
		{E252F518-464D-4939-9F7B-C253D4833BCD}.Release|Any CPU.ActiveCfg = Release|Any CPU
		{E252F518-464D-4939-9F7B-C253D4833BCD}.Release|Any CPU.Build.0 = Release|Any CPU
	EndGlobalSection
	GlobalSection(SolutionProperties) = preSolution
		HideSolutionNode = FALSE
	EndGlobalSection
	GlobalSection(ExtensibilityGlobals) = postSolution
		SolutionGuid = {4586D378-FD86-4367-8EC2-22ECCD4E213F}
	EndGlobalSection
EndGlobal
