
Microsoft Visual Studio Solution File, Format Version 12.00
# Visual Studio Version 17
VisualStudioVersion = 17.0.31903.59
MinimumVisualStudioVersion = 10.0.40219.1
Project("{FAE04EC0-301F-11D3-BF4B-00C04F79EFBC}") = "ProjetoCSharp", "ProjetoCSharp\ProjetoCSharp.csproj", "{D3D83887-4FC8-4995-818E-227DEA3B3D66}"
EndProject
Project("{FAE04EC0-301F-11D3-BF4B-00C04F79EFBC}") = "ProjetoCSharpOBJ", "ProjetoCSharpOBJ\ProjetoCSharpOBJ.csproj", "{494335BA-1B63-46B5-ABAE-BF3F836EDB30}"
EndProject
Project("{FAE04EC0-301F-11D3-BF4B-00C04F79EFBC}") = "AtividadeObj", "AtividadeObj\AtividadeObj.csproj", "{8B6C0270-D06A-431C-9CAD-C355404013EA}"
EndProject
Global
	GlobalSection(SolutionConfigurationPlatforms) = preSolution
		Debug|Any CPU = Debug|Any CPU
		Release|Any CPU = Release|Any CPU
	EndGlobalSection
	GlobalSection(SolutionProperties) = preSolution
		HideSolutionNode = FALSE
	EndGlobalSection
	GlobalSection(ProjectConfigurationPlatforms) = postSolution
		{D3D83887-4FC8-4995-818E-227DEA3B3D66}.Debug|Any CPU.ActiveCfg = Debug|Any CPU
		{D3D83887-4FC8-4995-818E-227DEA3B3D66}.Debug|Any CPU.Build.0 = Debug|Any CPU
		{D3D83887-4FC8-4995-818E-227DEA3B3D66}.Release|Any CPU.ActiveCfg = Release|Any CPU
		{D3D83887-4FC8-4995-818E-227DEA3B3D66}.Release|Any CPU.Build.0 = Release|Any CPU
		{494335BA-1B63-46B5-ABAE-BF3F836EDB30}.Debug|Any CPU.ActiveCfg = Debug|Any CPU
		{494335BA-1B63-46B5-ABAE-BF3F836EDB30}.Debug|Any CPU.Build.0 = Debug|Any CPU
		{494335BA-1B63-46B5-ABAE-BF3F836EDB30}.Release|Any CPU.ActiveCfg = Release|Any CPU
		{494335BA-1B63-46B5-ABAE-BF3F836EDB30}.Release|Any CPU.Build.0 = Release|Any CPU
		{8B6C0270-D06A-431C-9CAD-C355404013EA}.Debug|Any CPU.ActiveCfg = Debug|Any CPU
		{8B6C0270-D06A-431C-9CAD-C355404013EA}.Debug|Any CPU.Build.0 = Debug|Any CPU
		{8B6C0270-D06A-431C-9CAD-C355404013EA}.Release|Any CPU.ActiveCfg = Release|Any CPU
		{8B6C0270-D06A-431C-9CAD-C355404013EA}.Release|Any CPU.Build.0 = Release|Any CPU
	EndGlobalSection
EndGlobal
