
Microsoft Visual Studio Solution File, Format Version 12.00
# Visual Studio Version 17
VisualStudioVersion = 17.5.002.0
MinimumVisualStudioVersion = 10.0.40219.1
Project("{9A19103F-16F7-4668-BE54-9A1E7A4F7556}") = "ProjetoInicial", "ProjetoInicial.csproj", "{7A97C7B5-6545-412D-8097-08FFA1228F05}"
EndProject
Global
	GlobalSection(SolutionConfigurationPlatforms) = preSolution
		Debug|Any CPU = Debug|Any CPU
		Release|Any CPU = Release|Any CPU
	EndGlobalSection
	GlobalSection(ProjectConfigurationPlatforms) = postSolution
		{7A97C7B5-6545-412D-8097-08FFA1228F05}.Debug|Any CPU.ActiveCfg = Debug|Any CPU
		{7A97C7B5-6545-412D-8097-08FFA1228F05}.Debug|Any CPU.Build.0 = Debug|Any CPU
		{7A97C7B5-6545-412D-8097-08FFA1228F05}.Release|Any CPU.ActiveCfg = Release|Any CPU
		{7A97C7B5-6545-412D-8097-08FFA1228F05}.Release|Any CPU.Build.0 = Release|Any CPU
	EndGlobalSection
	GlobalSection(SolutionProperties) = preSolution
		HideSolutionNode = FALSE
	EndGlobalSection
	GlobalSection(ExtensibilityGlobals) = postSolution
		SolutionGuid = {6E9FF9E3-4F1D-4D5C-87E2-E84431EBEB26}
	EndGlobalSection
EndGlobal
